
Microsoft Visual Studio Solution File, Format Version 12.00
# Visual Studio Version 17
VisualStudioVersion = 17.11.35327.3
MinimumVisualStudioVersion = 10.0.40219.1
Project("{FAE04EC0-301F-11D3-BF4B-00C04F79EFBC}") = "ReactionSpeedBenchmark", "ReactionSpeedBenchmark\ReactionSpeedBenchmark.csproj", "{BE41D8D6-D4C8-4DE7-A811-0D71304BB76E}"
EndProject
Global
	GlobalSection(SolutionConfigurationPlatforms) = preSolution
		Debug|Any CPU = Debug|Any CPU
		Release|Any CPU = Release|Any CPU
	EndGlobalSection
	GlobalSection(ProjectConfigurationPlatforms) = postSolution
		{BE41D8D6-D4C8-4DE7-A811-0D71304BB76E}.Debug|Any CPU.ActiveCfg = Debug|Any CPU
		{BE41D8D6-D4C8-4DE7-A811-0D71304BB76E}.Debug|Any CPU.Build.0 = Debug|Any CPU
		{BE41D8D6-D4C8-4DE7-A811-0D71304BB76E}.Release|Any CPU.ActiveCfg = Release|Any CPU
		{BE41D8D6-D4C8-4DE7-A811-0D71304BB76E}.Release|Any CPU.Build.0 = Release|Any CPU
	EndGlobalSection
	GlobalSection(SolutionProperties) = preSolution
		HideSolutionNode = FALSE
	EndGlobalSection
	GlobalSection(ExtensibilityGlobals) = postSolution
		SolutionGuid = {D385F335-F36D-47BC-AFF1-39C96A002839}
	EndGlobalSection
EndGlobal
